// !$*UTF8*$!
{
	archiveVersion = 1;
	classes = {
	};
	objectVersion = 56;
	objects = {

/* Begin PBXBuildFile section */
		18239E532BBDAA2500AC5A98 /* DetailViewController.xib in Resources */ = {isa = PBXBuildFile; fileRef = 18239E522BBDAA2500AC5A98 /* DetailViewController.xib */; };
		18239E572BBDAD2200AC5A98 /* HomeRouter.swift in Sources */ = {isa = PBXBuildFile; fileRef = 18239E562BBDAD2200AC5A98 /* HomeRouter.swift */; };
		18239E5B2BBDAEC100AC5A98 /* DetailAssembly.swift in Sources */ = {isa = PBXBuildFile; fileRef = 18239E5A2BBDAEC100AC5A98 /* DetailAssembly.swift */; };
		18239E5E2BBDAFE400AC5A98 /* DetailRouter.swift in Sources */ = {isa = PBXBuildFile; fileRef = 18239E5D2BBDAFE400AC5A98 /* DetailRouter.swift */; };
		18239E622BBDB05200AC5A98 /* DetailRouterProtocol.swift in Sources */ = {isa = PBXBuildFile; fileRef = 18239E612BBDB05200AC5A98 /* DetailRouterProtocol.swift */; };
		18239E642BBDB69100AC5A98 /* ZoomView.swift in Sources */ = {isa = PBXBuildFile; fileRef = 18239E632BBDB69100AC5A98 /* ZoomView.swift */; };
		182E9EED2BBDD05C004CF1DD /* DatePopupViewController.xib in Resources */ = {isa = PBXBuildFile; fileRef = 182E9EEB2BBDD05C004CF1DD /* DatePopupViewController.xib */; };
		182E9EEE2BBDD05C004CF1DD /* DatePopupViewController.swift in Sources */ = {isa = PBXBuildFile; fileRef = 182E9EEC2BBDD05C004CF1DD /* DatePopupViewController.swift */; };
		182E9EF02BBDD07B004CF1DD /* DatePopupAssembly.swift in Sources */ = {isa = PBXBuildFile; fileRef = 182E9EEF2BBDD07B004CF1DD /* DatePopupAssembly.swift */; };
		182E9EF32BBDE28B004CF1DD /* DatePopupViewModel.swift in Sources */ = {isa = PBXBuildFile; fileRef = 182E9EF22BBDE28B004CF1DD /* DatePopupViewModel.swift */; };
		182E9EF52BBDE295004CF1DD /* DatePopupViewModelProtocol.swift in Sources */ = {isa = PBXBuildFile; fileRef = 182E9EF42BBDE295004CF1DD /* DatePopupViewModelProtocol.swift */; };
		182E9EF72BBDE2A0004CF1DD /* DatePopupDelegate.swift in Sources */ = {isa = PBXBuildFile; fileRef = 182E9EF62BBDE2A0004CF1DD /* DatePopupDelegate.swift */; };
		182E9EFA2BBDE3C4004CF1DD /* DatePopupRouterProtocol.swift in Sources */ = {isa = PBXBuildFile; fileRef = 182E9EF92BBDE3C4004CF1DD /* DatePopupRouterProtocol.swift */; };
		182E9EFC2BBDE3CE004CF1DD /* DatePopupRouter.swift in Sources */ = {isa = PBXBuildFile; fileRef = 182E9EFB2BBDE3CE004CF1DD /* DatePopupRouter.swift */; };
		182E9EFE2BBDE561004CF1DD /* DatePopupViewControllerProtocol.swift in Sources */ = {isa = PBXBuildFile; fileRef = 182E9EFD2BBDE561004CF1DD /* DatePopupViewControllerProtocol.swift */; };
		182E9F012BBEAFFC004CF1DD /* PickerBottomSheetViewController.swift in Sources */ = {isa = PBXBuildFile; fileRef = 182E9F002BBEAFFC004CF1DD /* PickerBottomSheetViewController.swift */; };
		1852DBB12BBC063800C883A8 /* AppDelegate.swift in Sources */ = {isa = PBXBuildFile; fileRef = 1852DBB02BBC063800C883A8 /* AppDelegate.swift */; };
		1852DBB32BBC063800C883A8 /* SceneDelegate.swift in Sources */ = {isa = PBXBuildFile; fileRef = 1852DBB22BBC063800C883A8 /* SceneDelegate.swift */; };
		1852DBBB2BBC063800C883A8 /* Filter.xcdatamodeld in Sources */ = {isa = PBXBuildFile; fileRef = 1852DBB92BBC063800C883A8 /* Filter.xcdatamodeld */; };
		1852DBBD2BBC063A00C883A8 /* Assets.xcassets in Resources */ = {isa = PBXBuildFile; fileRef = 1852DBBC2BBC063A00C883A8 /* Assets.xcassets */; };
		1852DBC02BBC063A00C883A8 /* LaunchScreen.storyboard in Resources */ = {isa = PBXBuildFile; fileRef = 1852DBBE2BBC063A00C883A8 /* LaunchScreen.storyboard */; };
		1852DBCD2BBC0E2100C883A8 /* HomeViewController.swift in Sources */ = {isa = PBXBuildFile; fileRef = 1852DBCC2BBC0E2000C883A8 /* HomeViewController.swift */; };
		1852DBD22BBC101F00C883A8 /* PreloaderViewController.swift in Sources */ = {isa = PBXBuildFile; fileRef = 1852DBD12BBC101F00C883A8 /* PreloaderViewController.swift */; };
		1852DBD42BBC13C800C883A8 /* Color.swift in Sources */ = {isa = PBXBuildFile; fileRef = 1852DBD32BBC13C800C883A8 /* Color.swift */; };
		1852DBD62BBC162B00C883A8 /* loader.json in Resources */ = {isa = PBXBuildFile; fileRef = 1852DBD52BBC162B00C883A8 /* loader.json */; };
		1852DBDD2BBC273D00C883A8 /* UIViewController.swift in Sources */ = {isa = PBXBuildFile; fileRef = 1852DBDC2BBC273D00C883A8 /* UIViewController.swift */; };
		1852DBDF2BBC2AB100C883A8 /* PreloaderAssembly.swift in Sources */ = {isa = PBXBuildFile; fileRef = 1852DBDE2BBC2AB100C883A8 /* PreloaderAssembly.swift */; };
		1852DBE12BBC2AEE00C883A8 /* HomeAssembly.swift in Sources */ = {isa = PBXBuildFile; fileRef = 1852DBE02BBC2AEE00C883A8 /* HomeAssembly.swift */; };
		1852DBE32BBC2FD000C883A8 /* UIView.swift in Sources */ = {isa = PBXBuildFile; fileRef = 1852DBE22BBC2FD000C883A8 /* UIView.swift */; };
		1852DBEA2BBC34BA00C883A8 /* Font.swift in Sources */ = {isa = PBXBuildFile; fileRef = 1852DBE92BBC34BA00C883A8 /* Font.swift */; };
		1852DBED2BBC37AF00C883A8 /* SF-Pro.ttf in Resources */ = {isa = PBXBuildFile; fileRef = 1852DBE42BBC349200C883A8 /* SF-Pro.ttf */; };
		1852DBEE2BBC37B000C883A8 /* SF-Pro-Italic.ttf in Resources */ = {isa = PBXBuildFile; fileRef = 1852DBE52BBC349300C883A8 /* SF-Pro-Italic.ttf */; };
		1852DBF12BBC38D400C883A8 /* Colors.xcassets in Resources */ = {isa = PBXBuildFile; fileRef = 1852DBF02BBC38D400C883A8 /* Colors.xcassets */; };
		1852DBF32BBC3F7800C883A8 /* HomeViewModel.swift in Sources */ = {isa = PBXBuildFile; fileRef = 1852DBF22BBC3F7800C883A8 /* HomeViewModel.swift */; };
		1852DBF52BBC3F8100C883A8 /* HomeViewModelProtocol.swift in Sources */ = {isa = PBXBuildFile; fileRef = 1852DBF42BBC3F8100C883A8 /* HomeViewModelProtocol.swift */; };
		1852DBF92BBC4E3E00C883A8 /* NetworkAssembly.swift in Sources */ = {isa = PBXBuildFile; fileRef = 1852DBF82BBC4E3E00C883A8 /* NetworkAssembly.swift */; };
		1852DBFE2BBC4E7B00C883A8 /* HTTPRequestExecutorProtocol.swift in Sources */ = {isa = PBXBuildFile; fileRef = 1852DBFD2BBC4E7B00C883A8 /* HTTPRequestExecutorProtocol.swift */; };
		1852DC002BBC4EAC00C883A8 /* HTTPRequestExecutor.swift in Sources */ = {isa = PBXBuildFile; fileRef = 1852DBFF2BBC4EAC00C883A8 /* HTTPRequestExecutor.swift */; };
		1852DC022BBC4EC300C883A8 /* NetworkError.swift in Sources */ = {isa = PBXBuildFile; fileRef = 1852DC012BBC4EC300C883A8 /* NetworkError.swift */; };
		1852DC042BBC4EDE00C883A8 /* HTTPMethod.swift in Sources */ = {isa = PBXBuildFile; fileRef = 1852DC032BBC4EDE00C883A8 /* HTTPMethod.swift */; };
		1852DC062BBC4EE700C883A8 /* HTTPPath.swift in Sources */ = {isa = PBXBuildFile; fileRef = 1852DC052BBC4EE700C883A8 /* HTTPPath.swift */; };
		1852DC082BBC4EF100C883A8 /* HTTPRequest.swift in Sources */ = {isa = PBXBuildFile; fileRef = 1852DC072BBC4EF100C883A8 /* HTTPRequest.swift */; };
		1852DC0A2BBC4F8F00C883A8 /* HTTPRequestModel.swift in Sources */ = {isa = PBXBuildFile; fileRef = 1852DC092BBC4F8F00C883A8 /* HTTPRequestModel.swift */; };
		1852DC0C2BBC4FA800C883A8 /* HTTPRequestModelProtocol.swift in Sources */ = {isa = PBXBuildFile; fileRef = 1852DC0B2BBC4FA800C883A8 /* HTTPRequestModelProtocol.swift */; };
		1852DC0E2BBC542000C883A8 /* HTTPRequestBuilderProtocol.swift in Sources */ = {isa = PBXBuildFile; fileRef = 1852DC0D2BBC542000C883A8 /* HTTPRequestBuilderProtocol.swift */; };
		1852DC102BBC542F00C883A8 /* HTTPRequestBuilder.swift in Sources */ = {isa = PBXBuildFile; fileRef = 1852DC0F2BBC542F00C883A8 /* HTTPRequestBuilder.swift */; };
		1852DC122BBC548200C883A8 /* HTTPRequestBuilderError.swift in Sources */ = {isa = PBXBuildFile; fileRef = 1852DC112BBC548200C883A8 /* HTTPRequestBuilderError.swift */; };
		1852DC152BBC562000C883A8 /* NetworkService.swift in Sources */ = {isa = PBXBuildFile; fileRef = 1852DC142BBC562000C883A8 /* NetworkService.swift */; };
		1852DC192BBC593D00C883A8 /* PhotoResponse.swift in Sources */ = {isa = PBXBuildFile; fileRef = 1852DC182BBC593D00C883A8 /* PhotoResponse.swift */; };
		1852DC1B2BBC5B3B00C883A8 /* RoverResponse.swift in Sources */ = {isa = PBXBuildFile; fileRef = 1852DC1A2BBC5B3B00C883A8 /* RoverResponse.swift */; };
		1852DC1D2BBC5B4700C883A8 /* CameraResponse.swift in Sources */ = {isa = PBXBuildFile; fileRef = 1852DC1C2BBC5B4700C883A8 /* CameraResponse.swift */; };
		1852DC1F2BBC5B4F00C883A8 /* CameraInfoResponse.swift in Sources */ = {isa = PBXBuildFile; fileRef = 1852DC1E2BBC5B4F00C883A8 /* CameraInfoResponse.swift */; };
		1852DC222BBC5BAB00C883A8 /* Photo.swift in Sources */ = {isa = PBXBuildFile; fileRef = 1852DC212BBC5BAB00C883A8 /* Photo.swift */; };
		1852DC242BBC5DA600C883A8 /* NetworkServiceProtocol.swift in Sources */ = {isa = PBXBuildFile; fileRef = 1852DC232BBC5DA600C883A8 /* NetworkServiceProtocol.swift */; };
		1852DC262BBC683400C883A8 /* PhotosResponse.swift in Sources */ = {isa = PBXBuildFile; fileRef = 1852DC252BBC683400C883A8 /* PhotosResponse.swift */; };
		1852DC282BBC68C700C883A8 /* RoverType.swift in Sources */ = {isa = PBXBuildFile; fileRef = 1852DC272BBC68C700C883A8 /* RoverType.swift */; };
		1852DC2E2BBC958200C883A8 /* HomeTableViewCell.swift in Sources */ = {isa = PBXBuildFile; fileRef = 1852DC2C2BBC958200C883A8 /* HomeTableViewCell.swift */; };
		1852DC2F2BBC958200C883A8 /* HomeTableViewCell.xib in Resources */ = {isa = PBXBuildFile; fileRef = 1852DC2D2BBC958200C883A8 /* HomeTableViewCell.xib */; };
		1852DC322BBD63E700C883A8 /* HomeCellItem.swift in Sources */ = {isa = PBXBuildFile; fileRef = 1852DC312BBD63E700C883A8 /* HomeCellItem.swift */; };
		1852DC352BBD65C900C883A8 /* HelperUtilities.swift in Sources */ = {isa = PBXBuildFile; fileRef = 1852DC342BBD65C900C883A8 /* HelperUtilities.swift */; };
		1852DC372BBD65DD00C883A8 /* DateFormat.swift in Sources */ = {isa = PBXBuildFile; fileRef = 1852DC362BBD65DD00C883A8 /* DateFormat.swift */; };
		1852DC392BBD677400C883A8 /* Array.swift in Sources */ = {isa = PBXBuildFile; fileRef = 1852DC382BBD677400C883A8 /* Array.swift */; };
		1852DC402BBD70F600C883A8 /* ContentImageView.swift in Sources */ = {isa = PBXBuildFile; fileRef = 1852DC3F2BBD70F600C883A8 /* ContentImageView.swift */; };
		1886CF9A2BBEDD0400E91B17 /* PickerDisplayItem.swift in Sources */ = {isa = PBXBuildFile; fileRef = 1886CF992BBEDD0400E91B17 /* PickerDisplayItem.swift */; };
		1886CF9F2BBEDD3200E91B17 /* RoverPickerBottomSheetDelegate.swift in Sources */ = {isa = PBXBuildFile; fileRef = 1886CF9E2BBEDD3200E91B17 /* RoverPickerBottomSheetDelegate.swift */; };
		1886CFA12BBEDD4700E91B17 /* RoverPickerBottomSheetViewModel.swift in Sources */ = {isa = PBXBuildFile; fileRef = 1886CFA02BBEDD4700E91B17 /* RoverPickerBottomSheetViewModel.swift */; };
		1886CFA32BBEDD6100E91B17 /* PickerBottomSheetViewModelProtocol.swift in Sources */ = {isa = PBXBuildFile; fileRef = 1886CFA22BBEDD6100E91B17 /* PickerBottomSheetViewModelProtocol.swift */; };
		1886CFA52BBEDD8D00E91B17 /* PickerBottomSheetDelegate.swift in Sources */ = {isa = PBXBuildFile; fileRef = 1886CFA42BBEDD8D00E91B17 /* PickerBottomSheetDelegate.swift */; };
		1886CFA72BBEDDDB00E91B17 /* CameraPickerBottomSheetDelegate.swift in Sources */ = {isa = PBXBuildFile; fileRef = 1886CFA62BBEDDDB00E91B17 /* CameraPickerBottomSheetDelegate.swift */; };
		1886CFA92BBEDDEF00E91B17 /* CameraPickerBottomSheetViewModel.swift in Sources */ = {isa = PBXBuildFile; fileRef = 1886CFA82BBEDDEF00E91B17 /* CameraPickerBottomSheetViewModel.swift */; };
		1886CFAC2BBEF48700E91B17 /* PickerBottomSheetInputmodel.swift in Sources */ = {isa = PBXBuildFile; fileRef = 1886CFAB2BBEF48700E91B17 /* PickerBottomSheetInputmodel.swift */; };
		1886CFAE2BBF00E000E91B17 /* CameraType.swift in Sources */ = {isa = PBXBuildFile; fileRef = 1886CFAD2BBF00E000E91B17 /* CameraType.swift */; };
		1886CFB02BBF0A5400E91B17 /* PlaceholderView.swift in Sources */ = {isa = PBXBuildFile; fileRef = 1886CFAF2BBF0A5400E91B17 /* PlaceholderView.swift */; };
		1886CFB22BBF0CC000E91B17 /* UITableView.swift in Sources */ = {isa = PBXBuildFile; fileRef = 1886CFB12BBF0CC000E91B17 /* UITableView.swift */; };
		1886CFB52BBF0EBD00E91B17 /* PersistenceStorageManager.swift in Sources */ = {isa = PBXBuildFile; fileRef = 1886CFB42BBF0EBD00E91B17 /* PersistenceStorageManager.swift */; };
		1886CFB72BBF0F1500E91B17 /* PersistenceStorageManagerProtocol.swift in Sources */ = {isa = PBXBuildFile; fileRef = 1886CFB62BBF0F1500E91B17 /* PersistenceStorageManagerProtocol.swift */; };
		1886CFB92BBF0F2700E91B17 /* PersistenceStorageManagerError.swift in Sources */ = {isa = PBXBuildFile; fileRef = 1886CFB82BBF0F2700E91B17 /* PersistenceStorageManagerError.swift */; };
		1886CFBD2BBF0FEE00E91B17 /* PersistenceService.swift in Sources */ = {isa = PBXBuildFile; fileRef = 1886CFBC2BBF0FEE00E91B17 /* PersistenceService.swift */; };
		1886CFBF2BBF101800E91B17 /* PersistenceServiceProtocol.swift in Sources */ = {isa = PBXBuildFile; fileRef = 1886CFBE2BBF101800E91B17 /* PersistenceServiceProtocol.swift */; };
		1886CFC12BBF104100E91B17 /* FilterModel.swift in Sources */ = {isa = PBXBuildFile; fileRef = 1886CFC02BBF104100E91B17 /* FilterModel.swift */; };
		1886CFC42BBF211800E91B17 /* FilterHistoryViewController.swift in Sources */ = {isa = PBXBuildFile; fileRef = 1886CFC32BBF211800E91B17 /* FilterHistoryViewController.swift */; };
		1886CFC62BBF259500E91B17 /* FilterHistoryViewModelProtocol.swift in Sources */ = {isa = PBXBuildFile; fileRef = 1886CFC52BBF259500E91B17 /* FilterHistoryViewModelProtocol.swift */; };
		1886CFC82BBF25A200E91B17 /* FilterHistoryViewModel.swift in Sources */ = {isa = PBXBuildFile; fileRef = 1886CFC72BBF25A200E91B17 /* FilterHistoryViewModel.swift */; };
		1886CFCA2BBF272200E91B17 /* FilterDisplayItem.swift in Sources */ = {isa = PBXBuildFile; fileRef = 1886CFC92BBF272200E91B17 /* FilterDisplayItem.swift */; };
		1886CFCC2BBF281E00E91B17 /* FilterHistoryRouter.swift in Sources */ = {isa = PBXBuildFile; fileRef = 1886CFCB2BBF281E00E91B17 /* FilterHistoryRouter.swift */; };
		1886CFD12BBF299500E91B17 /* FilterHistoryTableViewCell.swift in Sources */ = {isa = PBXBuildFile; fileRef = 1886CFCF2BBF299500E91B17 /* FilterHistoryTableViewCell.swift */; };
		1886CFD22BBF299500E91B17 /* FilterHistoryTableViewCell.xib in Resources */ = {isa = PBXBuildFile; fileRef = 1886CFD02BBF299500E91B17 /* FilterHistoryTableViewCell.xib */; };
		1886CFD42BBF2DE600E91B17 /* FilterHistoryAssembly.swift in Sources */ = {isa = PBXBuildFile; fileRef = 1886CFD32BBF2DE600E91B17 /* FilterHistoryAssembly.swift */; };
		1886CFD72BBF4C1B00E91B17 /* FilterHistoryRouterProtocol.swift in Sources */ = {isa = PBXBuildFile; fileRef = 1886CFD62BBF4C1B00E91B17 /* FilterHistoryRouterProtocol.swift */; };
		1886CFDA2BBF4C8A00E91B17 /* FilterHistoryDelegate.swift in Sources */ = {isa = PBXBuildFile; fileRef = 1886CFD92BBF4C8A00E91B17 /* FilterHistoryDelegate.swift */; };
		1886CFDC2BBF4FAC00E91B17 /* HomeRouterProtocol.swift in Sources */ = {isa = PBXBuildFile; fileRef = 1886CFDB2BBF4FAC00E91B17 /* HomeRouterProtocol.swift */; };
		18943DC62BBDA69700EE27CB /* DetailViewController.swift in Sources */ = {isa = PBXBuildFile; fileRef = 18943DC42BBDA69700EE27CB /* DetailViewController.swift */; };
		18943DC92BBDA8E900EE27CB /* DetailViewModel.swift in Sources */ = {isa = PBXBuildFile; fileRef = 18943DC82BBDA8E900EE27CB /* DetailViewModel.swift */; };
		18943DCB2BBDA8FB00EE27CB /* DetailInputModel.swift in Sources */ = {isa = PBXBuildFile; fileRef = 18943DCA2BBDA8FB00EE27CB /* DetailInputModel.swift */; };
		18943DCE2BBDA99300EE27CB /* DetailViewModelProtocol.swift in Sources */ = {isa = PBXBuildFile; fileRef = 18943DCD2BBDA99300EE27CB /* DetailViewModelProtocol.swift */; };
		A79CD3DCA07F5F71C3685150 /* Pods_Mars_Rover_Photos.framework in Frameworks */ = {isa = PBXBuildFile; fileRef = A761656D53D5282D286AD0EC /* Pods_Mars_Rover_Photos.framework */; };
/* End PBXBuildFile section */

/* Begin PBXFileReference section */
		18239E522BBDAA2500AC5A98 /* DetailViewController.xib */ = {isa = PBXFileReference; fileEncoding = 4; lastKnownFileType = file.xib; path = DetailViewController.xib; sourceTree = "<group>"; };
		18239E562BBDAD2200AC5A98 /* HomeRouter.swift */ = {isa = PBXFileReference; lastKnownFileType = sourcecode.swift; path = HomeRouter.swift; sourceTree = "<group>"; };
		18239E5A2BBDAEC100AC5A98 /* DetailAssembly.swift */ = {isa = PBXFileReference; lastKnownFileType = sourcecode.swift; path = DetailAssembly.swift; sourceTree = "<group>"; };
		18239E5D2BBDAFE400AC5A98 /* DetailRouter.swift */ = {isa = PBXFileReference; lastKnownFileType = sourcecode.swift; path = DetailRouter.swift; sourceTree = "<group>"; };
		18239E612BBDB05200AC5A98 /* DetailRouterProtocol.swift */ = {isa = PBXFileReference; lastKnownFileType = sourcecode.swift; path = DetailRouterProtocol.swift; sourceTree = "<group>"; };
		18239E632BBDB69100AC5A98 /* ZoomView.swift */ = {isa = PBXFileReference; lastKnownFileType = sourcecode.swift; path = ZoomView.swift; sourceTree = "<group>"; };
		182E9EEB2BBDD05C004CF1DD /* DatePopupViewController.xib */ = {isa = PBXFileReference; fileEncoding = 4; lastKnownFileType = file.xib; path = DatePopupViewController.xib; sourceTree = "<group>"; };
		182E9EEC2BBDD05C004CF1DD /* DatePopupViewController.swift */ = {isa = PBXFileReference; fileEncoding = 4; lastKnownFileType = sourcecode.swift; path = DatePopupViewController.swift; sourceTree = "<group>"; };
		182E9EEF2BBDD07B004CF1DD /* DatePopupAssembly.swift */ = {isa = PBXFileReference; lastKnownFileType = sourcecode.swift; path = DatePopupAssembly.swift; sourceTree = "<group>"; };
		182E9EF22BBDE28B004CF1DD /* DatePopupViewModel.swift */ = {isa = PBXFileReference; lastKnownFileType = sourcecode.swift; path = DatePopupViewModel.swift; sourceTree = "<group>"; };
		182E9EF42BBDE295004CF1DD /* DatePopupViewModelProtocol.swift */ = {isa = PBXFileReference; lastKnownFileType = sourcecode.swift; path = DatePopupViewModelProtocol.swift; sourceTree = "<group>"; };
		182E9EF62BBDE2A0004CF1DD /* DatePopupDelegate.swift */ = {isa = PBXFileReference; lastKnownFileType = sourcecode.swift; path = DatePopupDelegate.swift; sourceTree = "<group>"; };
		182E9EF92BBDE3C4004CF1DD /* DatePopupRouterProtocol.swift */ = {isa = PBXFileReference; lastKnownFileType = sourcecode.swift; path = DatePopupRouterProtocol.swift; sourceTree = "<group>"; };
		182E9EFB2BBDE3CE004CF1DD /* DatePopupRouter.swift */ = {isa = PBXFileReference; lastKnownFileType = sourcecode.swift; path = DatePopupRouter.swift; sourceTree = "<group>"; };
		182E9EFD2BBDE561004CF1DD /* DatePopupViewControllerProtocol.swift */ = {isa = PBXFileReference; lastKnownFileType = sourcecode.swift; path = DatePopupViewControllerProtocol.swift; sourceTree = "<group>"; };
		182E9F002BBEAFFC004CF1DD /* PickerBottomSheetViewController.swift */ = {isa = PBXFileReference; lastKnownFileType = sourcecode.swift; path = PickerBottomSheetViewController.swift; sourceTree = "<group>"; };
		1852DBAD2BBC063800C883A8 /* Mars Rover Photos.app */ = {isa = PBXFileReference; explicitFileType = wrapper.application; includeInIndex = 0; path = "Mars Rover Photos.app"; sourceTree = BUILT_PRODUCTS_DIR; };
		1852DBB02BBC063800C883A8 /* AppDelegate.swift */ = {isa = PBXFileReference; lastKnownFileType = sourcecode.swift; path = AppDelegate.swift; sourceTree = "<group>"; };
		1852DBB22BBC063800C883A8 /* SceneDelegate.swift */ = {isa = PBXFileReference; lastKnownFileType = sourcecode.swift; path = SceneDelegate.swift; sourceTree = "<group>"; };
		1852DBBA2BBC063800C883A8 /* Mars_Rover_Photos.xcdatamodel */ = {isa = PBXFileReference; lastKnownFileType = wrapper.xcdatamodel; path = Mars_Rover_Photos.xcdatamodel; sourceTree = "<group>"; };
		1852DBBC2BBC063A00C883A8 /* Assets.xcassets */ = {isa = PBXFileReference; lastKnownFileType = folder.assetcatalog; path = Assets.xcassets; sourceTree = "<group>"; };
		1852DBBF2BBC063A00C883A8 /* Base */ = {isa = PBXFileReference; lastKnownFileType = file.storyboard; name = Base; path = Base.lproj/LaunchScreen.storyboard; sourceTree = "<group>"; };
		1852DBC12BBC063A00C883A8 /* Info.plist */ = {isa = PBXFileReference; lastKnownFileType = text.plist.xml; path = Info.plist; sourceTree = "<group>"; };
		1852DBCC2BBC0E2000C883A8 /* HomeViewController.swift */ = {isa = PBXFileReference; lastKnownFileType = sourcecode.swift; path = HomeViewController.swift; sourceTree = "<group>"; };
		1852DBD12BBC101F00C883A8 /* PreloaderViewController.swift */ = {isa = PBXFileReference; lastKnownFileType = sourcecode.swift; path = PreloaderViewController.swift; sourceTree = "<group>"; };
		1852DBD32BBC13C800C883A8 /* Color.swift */ = {isa = PBXFileReference; lastKnownFileType = sourcecode.swift; path = Color.swift; sourceTree = "<group>"; };
		1852DBD52BBC162B00C883A8 /* loader.json */ = {isa = PBXFileReference; fileEncoding = 4; lastKnownFileType = text.json; path = loader.json; sourceTree = "<group>"; };
		1852DBDC2BBC273D00C883A8 /* UIViewController.swift */ = {isa = PBXFileReference; lastKnownFileType = sourcecode.swift; path = UIViewController.swift; sourceTree = "<group>"; };
		1852DBDE2BBC2AB100C883A8 /* PreloaderAssembly.swift */ = {isa = PBXFileReference; lastKnownFileType = sourcecode.swift; path = PreloaderAssembly.swift; sourceTree = "<group>"; };
		1852DBE02BBC2AEE00C883A8 /* HomeAssembly.swift */ = {isa = PBXFileReference; lastKnownFileType = sourcecode.swift; path = HomeAssembly.swift; sourceTree = "<group>"; };
		1852DBE22BBC2FD000C883A8 /* UIView.swift */ = {isa = PBXFileReference; lastKnownFileType = sourcecode.swift; path = UIView.swift; sourceTree = "<group>"; };
		1852DBE42BBC349200C883A8 /* SF-Pro.ttf */ = {isa = PBXFileReference; lastKnownFileType = file; path = "SF-Pro.ttf"; sourceTree = "<group>"; };
		1852DBE52BBC349300C883A8 /* SF-Pro-Italic.ttf */ = {isa = PBXFileReference; lastKnownFileType = file; path = "SF-Pro-Italic.ttf"; sourceTree = "<group>"; };
		1852DBE92BBC34BA00C883A8 /* Font.swift */ = {isa = PBXFileReference; lastKnownFileType = sourcecode.swift; path = Font.swift; sourceTree = "<group>"; };
		1852DBF02BBC38D400C883A8 /* Colors.xcassets */ = {isa = PBXFileReference; lastKnownFileType = folder.assetcatalog; path = Colors.xcassets; sourceTree = "<group>"; };
		1852DBF22BBC3F7800C883A8 /* HomeViewModel.swift */ = {isa = PBXFileReference; lastKnownFileType = sourcecode.swift; path = HomeViewModel.swift; sourceTree = "<group>"; };
		1852DBF42BBC3F8100C883A8 /* HomeViewModelProtocol.swift */ = {isa = PBXFileReference; lastKnownFileType = sourcecode.swift; path = HomeViewModelProtocol.swift; sourceTree = "<group>"; };
		1852DBF82BBC4E3E00C883A8 /* NetworkAssembly.swift */ = {isa = PBXFileReference; lastKnownFileType = sourcecode.swift; path = NetworkAssembly.swift; sourceTree = "<group>"; };
		1852DBFD2BBC4E7B00C883A8 /* HTTPRequestExecutorProtocol.swift */ = {isa = PBXFileReference; lastKnownFileType = sourcecode.swift; path = HTTPRequestExecutorProtocol.swift; sourceTree = "<group>"; };
		1852DBFF2BBC4EAC00C883A8 /* HTTPRequestExecutor.swift */ = {isa = PBXFileReference; lastKnownFileType = sourcecode.swift; path = HTTPRequestExecutor.swift; sourceTree = "<group>"; };
		1852DC012BBC4EC300C883A8 /* NetworkError.swift */ = {isa = PBXFileReference; lastKnownFileType = sourcecode.swift; path = NetworkError.swift; sourceTree = "<group>"; };
		1852DC032BBC4EDE00C883A8 /* HTTPMethod.swift */ = {isa = PBXFileReference; lastKnownFileType = sourcecode.swift; path = HTTPMethod.swift; sourceTree = "<group>"; };
		1852DC052BBC4EE700C883A8 /* HTTPPath.swift */ = {isa = PBXFileReference; lastKnownFileType = sourcecode.swift; path = HTTPPath.swift; sourceTree = "<group>"; };
		1852DC072BBC4EF100C883A8 /* HTTPRequest.swift */ = {isa = PBXFileReference; lastKnownFileType = sourcecode.swift; path = HTTPRequest.swift; sourceTree = "<group>"; };
		1852DC092BBC4F8F00C883A8 /* HTTPRequestModel.swift */ = {isa = PBXFileReference; lastKnownFileType = sourcecode.swift; path = HTTPRequestModel.swift; sourceTree = "<group>"; };
		1852DC0B2BBC4FA800C883A8 /* HTTPRequestModelProtocol.swift */ = {isa = PBXFileReference; lastKnownFileType = sourcecode.swift; path = HTTPRequestModelProtocol.swift; sourceTree = "<group>"; };
		1852DC0D2BBC542000C883A8 /* HTTPRequestBuilderProtocol.swift */ = {isa = PBXFileReference; lastKnownFileType = sourcecode.swift; path = HTTPRequestBuilderProtocol.swift; sourceTree = "<group>"; };
		1852DC0F2BBC542F00C883A8 /* HTTPRequestBuilder.swift */ = {isa = PBXFileReference; lastKnownFileType = sourcecode.swift; path = HTTPRequestBuilder.swift; sourceTree = "<group>"; };
		1852DC112BBC548200C883A8 /* HTTPRequestBuilderError.swift */ = {isa = PBXFileReference; lastKnownFileType = sourcecode.swift; path = HTTPRequestBuilderError.swift; sourceTree = "<group>"; };
		1852DC142BBC562000C883A8 /* NetworkService.swift */ = {isa = PBXFileReference; lastKnownFileType = sourcecode.swift; path = NetworkService.swift; sourceTree = "<group>"; };
		1852DC182BBC593D00C883A8 /* PhotoResponse.swift */ = {isa = PBXFileReference; lastKnownFileType = sourcecode.swift; path = PhotoResponse.swift; sourceTree = "<group>"; };
		1852DC1A2BBC5B3B00C883A8 /* RoverResponse.swift */ = {isa = PBXFileReference; lastKnownFileType = sourcecode.swift; path = RoverResponse.swift; sourceTree = "<group>"; };
		1852DC1C2BBC5B4700C883A8 /* CameraResponse.swift */ = {isa = PBXFileReference; lastKnownFileType = sourcecode.swift; path = CameraResponse.swift; sourceTree = "<group>"; };
		1852DC1E2BBC5B4F00C883A8 /* CameraInfoResponse.swift */ = {isa = PBXFileReference; lastKnownFileType = sourcecode.swift; path = CameraInfoResponse.swift; sourceTree = "<group>"; };
		1852DC212BBC5BAB00C883A8 /* Photo.swift */ = {isa = PBXFileReference; lastKnownFileType = sourcecode.swift; path = Photo.swift; sourceTree = "<group>"; };
		1852DC232BBC5DA600C883A8 /* NetworkServiceProtocol.swift */ = {isa = PBXFileReference; lastKnownFileType = sourcecode.swift; path = NetworkServiceProtocol.swift; sourceTree = "<group>"; };
		1852DC252BBC683400C883A8 /* PhotosResponse.swift */ = {isa = PBXFileReference; lastKnownFileType = sourcecode.swift; path = PhotosResponse.swift; sourceTree = "<group>"; };
		1852DC272BBC68C700C883A8 /* RoverType.swift */ = {isa = PBXFileReference; lastKnownFileType = sourcecode.swift; path = RoverType.swift; sourceTree = "<group>"; };
		1852DC2C2BBC958200C883A8 /* HomeTableViewCell.swift */ = {isa = PBXFileReference; lastKnownFileType = sourcecode.swift; path = HomeTableViewCell.swift; sourceTree = "<group>"; };
		1852DC2D2BBC958200C883A8 /* HomeTableViewCell.xib */ = {isa = PBXFileReference; lastKnownFileType = file.xib; path = HomeTableViewCell.xib; sourceTree = "<group>"; };
		1852DC312BBD63E700C883A8 /* HomeCellItem.swift */ = {isa = PBXFileReference; lastKnownFileType = sourcecode.swift; path = HomeCellItem.swift; sourceTree = "<group>"; };
		1852DC342BBD65C900C883A8 /* HelperUtilities.swift */ = {isa = PBXFileReference; lastKnownFileType = sourcecode.swift; path = HelperUtilities.swift; sourceTree = "<group>"; };
		1852DC362BBD65DD00C883A8 /* DateFormat.swift */ = {isa = PBXFileReference; lastKnownFileType = sourcecode.swift; path = DateFormat.swift; sourceTree = "<group>"; };
		1852DC382BBD677400C883A8 /* Array.swift */ = {isa = PBXFileReference; lastKnownFileType = sourcecode.swift; path = Array.swift; sourceTree = "<group>"; };
		1852DC3F2BBD70F600C883A8 /* ContentImageView.swift */ = {isa = PBXFileReference; fileEncoding = 4; lastKnownFileType = sourcecode.swift; path = ContentImageView.swift; sourceTree = "<group>"; };
		1886CF992BBEDD0400E91B17 /* PickerDisplayItem.swift */ = {isa = PBXFileReference; lastKnownFileType = sourcecode.swift; path = PickerDisplayItem.swift; sourceTree = "<group>"; };
		1886CF9E2BBEDD3200E91B17 /* RoverPickerBottomSheetDelegate.swift */ = {isa = PBXFileReference; lastKnownFileType = sourcecode.swift; path = RoverPickerBottomSheetDelegate.swift; sourceTree = "<group>"; };
		1886CFA02BBEDD4700E91B17 /* RoverPickerBottomSheetViewModel.swift */ = {isa = PBXFileReference; lastKnownFileType = sourcecode.swift; path = RoverPickerBottomSheetViewModel.swift; sourceTree = "<group>"; };
		1886CFA22BBEDD6100E91B17 /* PickerBottomSheetViewModelProtocol.swift */ = {isa = PBXFileReference; lastKnownFileType = sourcecode.swift; path = PickerBottomSheetViewModelProtocol.swift; sourceTree = "<group>"; };
		1886CFA42BBEDD8D00E91B17 /* PickerBottomSheetDelegate.swift */ = {isa = PBXFileReference; lastKnownFileType = sourcecode.swift; path = PickerBottomSheetDelegate.swift; sourceTree = "<group>"; };
		1886CFA62BBEDDDB00E91B17 /* CameraPickerBottomSheetDelegate.swift */ = {isa = PBXFileReference; lastKnownFileType = sourcecode.swift; path = CameraPickerBottomSheetDelegate.swift; sourceTree = "<group>"; };
		1886CFA82BBEDDEF00E91B17 /* CameraPickerBottomSheetViewModel.swift */ = {isa = PBXFileReference; lastKnownFileType = sourcecode.swift; path = CameraPickerBottomSheetViewModel.swift; sourceTree = "<group>"; };
		1886CFAB2BBEF48700E91B17 /* PickerBottomSheetInputmodel.swift */ = {isa = PBXFileReference; lastKnownFileType = sourcecode.swift; path = PickerBottomSheetInputmodel.swift; sourceTree = "<group>"; };
		1886CFAD2BBF00E000E91B17 /* CameraType.swift */ = {isa = PBXFileReference; lastKnownFileType = sourcecode.swift; path = CameraType.swift; sourceTree = "<group>"; };
		1886CFAF2BBF0A5400E91B17 /* PlaceholderView.swift */ = {isa = PBXFileReference; lastKnownFileType = sourcecode.swift; path = PlaceholderView.swift; sourceTree = "<group>"; };
		1886CFB12BBF0CC000E91B17 /* UITableView.swift */ = {isa = PBXFileReference; lastKnownFileType = sourcecode.swift; path = UITableView.swift; sourceTree = "<group>"; };
		1886CFB42BBF0EBD00E91B17 /* PersistenceStorageManager.swift */ = {isa = PBXFileReference; lastKnownFileType = sourcecode.swift; path = PersistenceStorageManager.swift; sourceTree = "<group>"; };
		1886CFB62BBF0F1500E91B17 /* PersistenceStorageManagerProtocol.swift */ = {isa = PBXFileReference; lastKnownFileType = sourcecode.swift; path = PersistenceStorageManagerProtocol.swift; sourceTree = "<group>"; };
		1886CFB82BBF0F2700E91B17 /* PersistenceStorageManagerError.swift */ = {isa = PBXFileReference; lastKnownFileType = sourcecode.swift; path = PersistenceStorageManagerError.swift; sourceTree = "<group>"; };
		1886CFBC2BBF0FEE00E91B17 /* PersistenceService.swift */ = {isa = PBXFileReference; lastKnownFileType = sourcecode.swift; path = PersistenceService.swift; sourceTree = "<group>"; };
		1886CFBE2BBF101800E91B17 /* PersistenceServiceProtocol.swift */ = {isa = PBXFileReference; lastKnownFileType = sourcecode.swift; path = PersistenceServiceProtocol.swift; sourceTree = "<group>"; };
		1886CFC02BBF104100E91B17 /* FilterModel.swift */ = {isa = PBXFileReference; lastKnownFileType = sourcecode.swift; path = FilterModel.swift; sourceTree = "<group>"; };
		1886CFC32BBF211800E91B17 /* FilterHistoryViewController.swift */ = {isa = PBXFileReference; lastKnownFileType = sourcecode.swift; path = FilterHistoryViewController.swift; sourceTree = "<group>"; };
		1886CFC52BBF259500E91B17 /* FilterHistoryViewModelProtocol.swift */ = {isa = PBXFileReference; lastKnownFileType = sourcecode.swift; path = FilterHistoryViewModelProtocol.swift; sourceTree = "<group>"; };
		1886CFC72BBF25A200E91B17 /* FilterHistoryViewModel.swift */ = {isa = PBXFileReference; lastKnownFileType = sourcecode.swift; path = FilterHistoryViewModel.swift; sourceTree = "<group>"; };
		1886CFC92BBF272200E91B17 /* FilterDisplayItem.swift */ = {isa = PBXFileReference; lastKnownFileType = sourcecode.swift; path = FilterDisplayItem.swift; sourceTree = "<group>"; };
		1886CFCB2BBF281E00E91B17 /* FilterHistoryRouter.swift */ = {isa = PBXFileReference; lastKnownFileType = sourcecode.swift; path = FilterHistoryRouter.swift; sourceTree = "<group>"; };
		1886CFCF2BBF299500E91B17 /* FilterHistoryTableViewCell.swift */ = {isa = PBXFileReference; lastKnownFileType = sourcecode.swift; path = FilterHistoryTableViewCell.swift; sourceTree = "<group>"; };
		1886CFD02BBF299500E91B17 /* FilterHistoryTableViewCell.xib */ = {isa = PBXFileReference; lastKnownFileType = file.xib; path = FilterHistoryTableViewCell.xib; sourceTree = "<group>"; };
		1886CFD32BBF2DE600E91B17 /* FilterHistoryAssembly.swift */ = {isa = PBXFileReference; lastKnownFileType = sourcecode.swift; path = FilterHistoryAssembly.swift; sourceTree = "<group>"; };
		1886CFD62BBF4C1B00E91B17 /* FilterHistoryRouterProtocol.swift */ = {isa = PBXFileReference; lastKnownFileType = sourcecode.swift; path = FilterHistoryRouterProtocol.swift; sourceTree = "<group>"; };
		1886CFD92BBF4C8A00E91B17 /* FilterHistoryDelegate.swift */ = {isa = PBXFileReference; lastKnownFileType = sourcecode.swift; path = FilterHistoryDelegate.swift; sourceTree = "<group>"; };
		1886CFDB2BBF4FAC00E91B17 /* HomeRouterProtocol.swift */ = {isa = PBXFileReference; lastKnownFileType = sourcecode.swift; path = HomeRouterProtocol.swift; sourceTree = "<group>"; };
		18943DC42BBDA69700EE27CB /* DetailViewController.swift */ = {isa = PBXFileReference; lastKnownFileType = sourcecode.swift; path = DetailViewController.swift; sourceTree = "<group>"; };
		18943DC82BBDA8E900EE27CB /* DetailViewModel.swift */ = {isa = PBXFileReference; lastKnownFileType = sourcecode.swift; path = DetailViewModel.swift; sourceTree = "<group>"; };
		18943DCA2BBDA8FB00EE27CB /* DetailInputModel.swift */ = {isa = PBXFileReference; lastKnownFileType = sourcecode.swift; path = DetailInputModel.swift; sourceTree = "<group>"; };
		18943DCD2BBDA99300EE27CB /* DetailViewModelProtocol.swift */ = {isa = PBXFileReference; lastKnownFileType = sourcecode.swift; path = DetailViewModelProtocol.swift; sourceTree = "<group>"; };
		500C5ED3F7491B8CEB137003 /* Pods-Mars Rover Photos.release.xcconfig */ = {isa = PBXFileReference; includeInIndex = 1; lastKnownFileType = text.xcconfig; name = "Pods-Mars Rover Photos.release.xcconfig"; path = "Target Support Files/Pods-Mars Rover Photos/Pods-Mars Rover Photos.release.xcconfig"; sourceTree = "<group>"; };
		7623EA84D4FFF09ADD328160 /* Pods-Mars Rover Photos.debug.xcconfig */ = {isa = PBXFileReference; includeInIndex = 1; lastKnownFileType = text.xcconfig; name = "Pods-Mars Rover Photos.debug.xcconfig"; path = "Target Support Files/Pods-Mars Rover Photos/Pods-Mars Rover Photos.debug.xcconfig"; sourceTree = "<group>"; };
		A761656D53D5282D286AD0EC /* Pods_Mars_Rover_Photos.framework */ = {isa = PBXFileReference; explicitFileType = wrapper.framework; includeInIndex = 0; path = Pods_Mars_Rover_Photos.framework; sourceTree = BUILT_PRODUCTS_DIR; };
/* End PBXFileReference section */

/* Begin PBXFrameworksBuildPhase section */
		1852DBAA2BBC063800C883A8 /* Frameworks */ = {
			isa = PBXFrameworksBuildPhase;
			buildActionMask = 2147483647;
			files = (
				A79CD3DCA07F5F71C3685150 /* Pods_Mars_Rover_Photos.framework in Frameworks */,
			);
			runOnlyForDeploymentPostprocessing = 0;
		};
/* End PBXFrameworksBuildPhase section */

/* Begin PBXGroup section */
		18239E512BBDAA2500AC5A98 /* View */ = {
			isa = PBXGroup;
			children = (
				18943DC42BBDA69700EE27CB /* DetailViewController.swift */,
				18239E522BBDAA2500AC5A98 /* DetailViewController.xib */,
			);
			path = View;
			sourceTree = "<group>";
		};
		18239E542BBDAA3600AC5A98 /* Model */ = {
			isa = PBXGroup;
			children = (
				18943DCA2BBDA8FB00EE27CB /* DetailInputModel.swift */,
			);
			path = Model;
			sourceTree = "<group>";
		};
		18239E552BBDAD0800AC5A98 /* Router */ = {
			isa = PBXGroup;
			children = (
				1886CFDB2BBF4FAC00E91B17 /* HomeRouterProtocol.swift */,
				18239E562BBDAD2200AC5A98 /* HomeRouter.swift */,
			);
			path = Router;
			sourceTree = "<group>";
		};
		18239E5C2BBDAFD800AC5A98 /* Router */ = {
			isa = PBXGroup;
			children = (
				18239E612BBDB05200AC5A98 /* DetailRouterProtocol.swift */,
				18239E5D2BBDAFE400AC5A98 /* DetailRouter.swift */,
			);
			path = Router;
			sourceTree = "<group>";
		};
		18239E652BBDC5EB00AC5A98 /* DatePopup */ = {
			isa = PBXGroup;
			children = (
				182E9EEF2BBDD07B004CF1DD /* DatePopupAssembly.swift */,
				182E9EEA2BBDD05C004CF1DD /* View */,
				182E9EF12BBDE27F004CF1DD /* ViewModel */,
				182E9EF82BBDE3B4004CF1DD /* Router */,
			);
			path = DatePopup;
			sourceTree = "<group>";
		};
		182E9EEA2BBDD05C004CF1DD /* View */ = {
			isa = PBXGroup;
			children = (
				182E9EFD2BBDE561004CF1DD /* DatePopupViewControllerProtocol.swift */,
				182E9EEC2BBDD05C004CF1DD /* DatePopupViewController.swift */,
				182E9EEB2BBDD05C004CF1DD /* DatePopupViewController.xib */,
			);
			path = View;
			sourceTree = "<group>";
		};
		182E9EF12BBDE27F004CF1DD /* ViewModel */ = {
			isa = PBXGroup;
			children = (
				182E9EF42BBDE295004CF1DD /* DatePopupViewModelProtocol.swift */,
				182E9EF22BBDE28B004CF1DD /* DatePopupViewModel.swift */,
				182E9EF62BBDE2A0004CF1DD /* DatePopupDelegate.swift */,
			);
			path = ViewModel;
			sourceTree = "<group>";
		};
		182E9EF82BBDE3B4004CF1DD /* Router */ = {
			isa = PBXGroup;
			children = (
				182E9EF92BBDE3C4004CF1DD /* DatePopupRouterProtocol.swift */,
				182E9EFB2BBDE3CE004CF1DD /* DatePopupRouter.swift */,
			);
			path = Router;
			sourceTree = "<group>";
		};
		182E9EFF2BBEAFA0004CF1DD /* PickerBottomSheet */ = {
			isa = PBXGroup;
			children = (
				1886CF982BBEDCF900E91B17 /* Model */,
				1886CFAA2BBEDE2800E91B17 /* View */,
				1886CF9B2BBEDD0F00E91B17 /* ViewModel */,
			);
			path = PickerBottomSheet;
			sourceTree = "<group>";
		};
		1852DBA42BBC063800C883A8 = {
			isa = PBXGroup;
			children = (
				1852DBAF2BBC063800C883A8 /* Mars Rover Photos */,
				1852DBAE2BBC063800C883A8 /* Products */,
				247C6B07B4A39C14390A0C07 /* Pods */,
				F9903B13445CCE8A1E55EE05 /* Frameworks */,
			);
			sourceTree = "<group>";
		};
		1852DBAE2BBC063800C883A8 /* Products */ = {
			isa = PBXGroup;
			children = (
				1852DBAD2BBC063800C883A8 /* Mars Rover Photos.app */,
			);
			name = Products;
			sourceTree = "<group>";
		};
		1852DBAF2BBC063800C883A8 /* Mars Rover Photos */ = {
			isa = PBXGroup;
			children = (
				1852DBC82BBC0CC700C883A8 /* App */,
				1852DBC72BBC0CC200C883A8 /* Module */,
				1852DC162BBC589900C883A8 /* Models */,
				1852DC332BBD65A700C883A8 /* HelperUtils */,
				1852DBF62BBC4E2A00C883A8 /* Core */,
				1852DC132BBC560F00C883A8 /* Service */,
				1852DC3E2BBD70F600C883A8 /* UI */,
				1852DBDB2BBC273300C883A8 /* Extension */,
				1852DBD02BBC0F0400C883A8 /* Resources */,
				1852DBC12BBC063A00C883A8 /* Info.plist */,
			);
			path = "Mars Rover Photos";
			sourceTree = "<group>";
		};
		1852DBC72BBC0CC200C883A8 /* Module */ = {
			isa = PBXGroup;
			children = (
				1886CFC22BBF210300E91B17 /* FilterHistory */,
				182E9EFF2BBEAFA0004CF1DD /* PickerBottomSheet */,
				1852DBC92BBC0CEF00C883A8 /* Preloader */,
				1852DBCA2BBC0D1000C883A8 /* Home */,
				18943DC12BBDA5FB00EE27CB /* Detail */,
				18239E652BBDC5EB00AC5A98 /* DatePopup */,
			);
			path = Module;
			sourceTree = "<group>";
		};
		1852DBC82BBC0CC700C883A8 /* App */ = {
			isa = PBXGroup;
			children = (
				1852DBB02BBC063800C883A8 /* AppDelegate.swift */,
				1852DBB22BBC063800C883A8 /* SceneDelegate.swift */,
			);
			path = App;
			sourceTree = "<group>";
		};
		1852DBC92BBC0CEF00C883A8 /* Preloader */ = {
			isa = PBXGroup;
			children = (
				1852DBDE2BBC2AB100C883A8 /* PreloaderAssembly.swift */,
				1852DBD82BBC1AFC00C883A8 /* View */,
				1852DBD72BBC1AD900C883A8 /* Resources */,
				1852DBBE2BBC063A00C883A8 /* LaunchScreen.storyboard */,
			);
			path = Preloader;
			sourceTree = "<group>";
		};
		1852DBCA2BBC0D1000C883A8 /* Home */ = {
			isa = PBXGroup;
			children = (
				1852DBE02BBC2AEE00C883A8 /* HomeAssembly.swift */,
				1852DBCE2BBC0EA200C883A8 /* View */,
				1852DBCF2BBC0EAA00C883A8 /* ViewModel */,
				18239E552BBDAD0800AC5A98 /* Router */,
			);
			path = Home;
			sourceTree = "<group>";
		};
		1852DBCE2BBC0EA200C883A8 /* View */ = {
			isa = PBXGroup;
			children = (
				1852DC292BBC954B00C883A8 /* Views */,
				1852DBCC2BBC0E2000C883A8 /* HomeViewController.swift */,
			);
			path = View;
			sourceTree = "<group>";
		};
		1852DBCF2BBC0EAA00C883A8 /* ViewModel */ = {
			isa = PBXGroup;
			children = (
				1852DBF42BBC3F8100C883A8 /* HomeViewModelProtocol.swift */,
				1852DBF22BBC3F7800C883A8 /* HomeViewModel.swift */,
			);
			path = ViewModel;
			sourceTree = "<group>";
		};
		1852DBD02BBC0F0400C883A8 /* Resources */ = {
			isa = PBXGroup;
			children = (
				1852DBEF2BBC38AF00C883A8 /* Colors */,
				1852DBE82BBC34B200C883A8 /* Fonts */,
				1852DBBC2BBC063A00C883A8 /* Assets.xcassets */,
			);
			path = Resources;
			sourceTree = "<group>";
		};
		1852DBD72BBC1AD900C883A8 /* Resources */ = {
			isa = PBXGroup;
			children = (
				1852DBD52BBC162B00C883A8 /* loader.json */,
			);
			path = Resources;
			sourceTree = "<group>";
		};
		1852DBD82BBC1AFC00C883A8 /* View */ = {
			isa = PBXGroup;
			children = (
				1852DBD12BBC101F00C883A8 /* PreloaderViewController.swift */,
			);
			path = View;
			sourceTree = "<group>";
		};
		1852DBDB2BBC273300C883A8 /* Extension */ = {
			isa = PBXGroup;
			children = (
				1852DBDC2BBC273D00C883A8 /* UIViewController.swift */,
				1852DBE22BBC2FD000C883A8 /* UIView.swift */,
				1852DC382BBD677400C883A8 /* Array.swift */,
				1886CFB12BBF0CC000E91B17 /* UITableView.swift */,
			);
			path = Extension;
			sourceTree = "<group>";
		};
		1852DBE82BBC34B200C883A8 /* Fonts */ = {
			isa = PBXGroup;
			children = (
				1852DBE52BBC349300C883A8 /* SF-Pro-Italic.ttf */,
				1852DBE42BBC349200C883A8 /* SF-Pro.ttf */,
				1852DBE92BBC34BA00C883A8 /* Font.swift */,
			);
			path = Fonts;
			sourceTree = "<group>";
		};
		1852DBEF2BBC38AF00C883A8 /* Colors */ = {
			isa = PBXGroup;
			children = (
				1852DBD32BBC13C800C883A8 /* Color.swift */,
				1852DBF02BBC38D400C883A8 /* Colors.xcassets */,
			);
			path = Colors;
			sourceTree = "<group>";
		};
		1852DBF62BBC4E2A00C883A8 /* Core */ = {
			isa = PBXGroup;
			children = (
				1886CFB32BBF0EA100E91B17 /* Persistence */,
				1852DBF72BBC4E2D00C883A8 /* Network */,
			);
			path = Core;
			sourceTree = "<group>";
		};
		1852DBF72BBC4E2D00C883A8 /* Network */ = {
			isa = PBXGroup;
			children = (
				1852DBF82BBC4E3E00C883A8 /* NetworkAssembly.swift */,
				1852DBFC2BBC4E5200C883A8 /* Executor */,
				1852DBFA2BBC4E4100C883A8 /* Builder */,
				1852DBFB2BBC4E4D00C883A8 /* Component */,
			);
			path = Network;
			sourceTree = "<group>";
		};
		1852DBFA2BBC4E4100C883A8 /* Builder */ = {
			isa = PBXGroup;
			children = (
				1852DC0B2BBC4FA800C883A8 /* HTTPRequestModelProtocol.swift */,
				1852DC092BBC4F8F00C883A8 /* HTTPRequestModel.swift */,
				1852DC0D2BBC542000C883A8 /* HTTPRequestBuilderProtocol.swift */,
				1852DC0F2BBC542F00C883A8 /* HTTPRequestBuilder.swift */,
				1852DC112BBC548200C883A8 /* HTTPRequestBuilderError.swift */,
			);
			path = Builder;
			sourceTree = "<group>";
		};
		1852DBFB2BBC4E4D00C883A8 /* Component */ = {
			isa = PBXGroup;
			children = (
				1852DC032BBC4EDE00C883A8 /* HTTPMethod.swift */,
				1852DC052BBC4EE700C883A8 /* HTTPPath.swift */,
				1852DC072BBC4EF100C883A8 /* HTTPRequest.swift */,
			);
			path = Component;
			sourceTree = "<group>";
		};
		1852DBFC2BBC4E5200C883A8 /* Executor */ = {
			isa = PBXGroup;
			children = (
				1852DBFD2BBC4E7B00C883A8 /* HTTPRequestExecutorProtocol.swift */,
				1852DBFF2BBC4EAC00C883A8 /* HTTPRequestExecutor.swift */,
				1852DC012BBC4EC300C883A8 /* NetworkError.swift */,
			);
			path = Executor;
			sourceTree = "<group>";
		};
		1852DC132BBC560F00C883A8 /* Service */ = {
			isa = PBXGroup;
			children = (
				1886CFBB2BBF0FE300E91B17 /* Persistence */,
				1886CFBA2BBF0FDD00E91B17 /* Network */,
			);
			path = Service;
			sourceTree = "<group>";
		};
		1852DC162BBC589900C883A8 /* Models */ = {
			isa = PBXGroup;
			children = (
				1852DC302BBD634400C883A8 /* Display */,
				1852DC202BBC5B8D00C883A8 /* Business */,
				1852DC172BBC589C00C883A8 /* BE */,
			);
			path = Models;
			sourceTree = "<group>";
		};
		1852DC172BBC589C00C883A8 /* BE */ = {
			isa = PBXGroup;
			children = (
				1852DC252BBC683400C883A8 /* PhotosResponse.swift */,
				1852DC182BBC593D00C883A8 /* PhotoResponse.swift */,
				1852DC1A2BBC5B3B00C883A8 /* RoverResponse.swift */,
				1852DC1C2BBC5B4700C883A8 /* CameraResponse.swift */,
				1852DC1E2BBC5B4F00C883A8 /* CameraInfoResponse.swift */,
			);
			path = BE;
			sourceTree = "<group>";
		};
		1852DC202BBC5B8D00C883A8 /* Business */ = {
			isa = PBXGroup;
			children = (
				1852DC212BBC5BAB00C883A8 /* Photo.swift */,
				1852DC272BBC68C700C883A8 /* RoverType.swift */,
				1886CFAD2BBF00E000E91B17 /* CameraType.swift */,
				1886CFC02BBF104100E91B17 /* FilterModel.swift */,
			);
			path = Business;
			sourceTree = "<group>";
		};
		1852DC292BBC954B00C883A8 /* Views */ = {
			isa = PBXGroup;
			children = (
				1852DC2C2BBC958200C883A8 /* HomeTableViewCell.swift */,
				1852DC2D2BBC958200C883A8 /* HomeTableViewCell.xib */,
			);
			path = Views;
			sourceTree = "<group>";
		};
		1852DC302BBD634400C883A8 /* Display */ = {
			isa = PBXGroup;
			children = (
				1852DC312BBD63E700C883A8 /* HomeCellItem.swift */,
				1886CF992BBEDD0400E91B17 /* PickerDisplayItem.swift */,
				1886CFC92BBF272200E91B17 /* FilterDisplayItem.swift */,
			);
			path = Display;
			sourceTree = "<group>";
		};
		1852DC332BBD65A700C883A8 /* HelperUtils */ = {
			isa = PBXGroup;
			children = (
				1852DC342BBD65C900C883A8 /* HelperUtilities.swift */,
				1852DC362BBD65DD00C883A8 /* DateFormat.swift */,
			);
			path = HelperUtils;
			sourceTree = "<group>";
		};
		1852DC3E2BBD70F600C883A8 /* UI */ = {
			isa = PBXGroup;
			children = (
				1852DC3F2BBD70F600C883A8 /* ContentImageView.swift */,
				18239E632BBDB69100AC5A98 /* ZoomView.swift */,
				1886CFAF2BBF0A5400E91B17 /* PlaceholderView.swift */,
			);
			path = UI;
			sourceTree = "<group>";
		};
		1886CF982BBEDCF900E91B17 /* Model */ = {
			isa = PBXGroup;
			children = (
				1886CFAB2BBEF48700E91B17 /* PickerBottomSheetInputmodel.swift */,
			);
			path = Model;
			sourceTree = "<group>";
		};
		1886CF9B2BBEDD0F00E91B17 /* ViewModel */ = {
			isa = PBXGroup;
			children = (
				1886CFA22BBEDD6100E91B17 /* PickerBottomSheetViewModelProtocol.swift */,
				1886CFA42BBEDD8D00E91B17 /* PickerBottomSheetDelegate.swift */,
				1886CF9D2BBEDD1D00E91B17 /* Rover */,
				1886CF9C2BBEDD1900E91B17 /* Camera */,
			);
			path = ViewModel;
			sourceTree = "<group>";
		};
		1886CF9C2BBEDD1900E91B17 /* Camera */ = {
			isa = PBXGroup;
			children = (
				1886CFA62BBEDDDB00E91B17 /* CameraPickerBottomSheetDelegate.swift */,
				1886CFA82BBEDDEF00E91B17 /* CameraPickerBottomSheetViewModel.swift */,
			);
			path = Camera;
			sourceTree = "<group>";
		};
		1886CF9D2BBEDD1D00E91B17 /* Rover */ = {
			isa = PBXGroup;
			children = (
				1886CF9E2BBEDD3200E91B17 /* RoverPickerBottomSheetDelegate.swift */,
				1886CFA02BBEDD4700E91B17 /* RoverPickerBottomSheetViewModel.swift */,
			);
			path = Rover;
			sourceTree = "<group>";
		};
		1886CFAA2BBEDE2800E91B17 /* View */ = {
			isa = PBXGroup;
			children = (
				182E9F002BBEAFFC004CF1DD /* PickerBottomSheetViewController.swift */,
			);
			path = View;
			sourceTree = "<group>";
		};
		1886CFB32BBF0EA100E91B17 /* Persistence */ = {
			isa = PBXGroup;
			children = (
				1852DBB92BBC063800C883A8 /* Filter.xcdatamodeld */,
				1886CFB62BBF0F1500E91B17 /* PersistenceStorageManagerProtocol.swift */,
				1886CFB42BBF0EBD00E91B17 /* PersistenceStorageManager.swift */,
				1886CFB82BBF0F2700E91B17 /* PersistenceStorageManagerError.swift */,
			);
			path = Persistence;
			sourceTree = "<group>";
		};
		1886CFBA2BBF0FDD00E91B17 /* Network */ = {
			isa = PBXGroup;
			children = (
				1852DC232BBC5DA600C883A8 /* NetworkServiceProtocol.swift */,
				1852DC142BBC562000C883A8 /* NetworkService.swift */,
			);
			path = Network;
			sourceTree = "<group>";
		};
		1886CFBB2BBF0FE300E91B17 /* Persistence */ = {
			isa = PBXGroup;
			children = (
				1886CFBC2BBF0FEE00E91B17 /* PersistenceService.swift */,
				1886CFBE2BBF101800E91B17 /* PersistenceServiceProtocol.swift */,
			);
			path = Persistence;
			sourceTree = "<group>";
		};
		1886CFC22BBF210300E91B17 /* FilterHistory */ = {
			isa = PBXGroup;
			children = (
				1886CFD32BBF2DE600E91B17 /* FilterHistoryAssembly.swift */,
				1886CFCD2BBF296200E91B17 /* View */,
				1886CFD52BBF4BF800E91B17 /* ViewModel */,
				1886CFD82BBF4C2A00E91B17 /* Router */,
			);
			path = FilterHistory;
			sourceTree = "<group>";
		};
		1886CFCD2BBF296200E91B17 /* View */ = {
			isa = PBXGroup;
			children = (
				1886CFCE2BBF296500E91B17 /* Views */,
				1886CFC32BBF211800E91B17 /* FilterHistoryViewController.swift */,
			);
			path = View;
			sourceTree = "<group>";
		};
		1886CFCE2BBF296500E91B17 /* Views */ = {
			isa = PBXGroup;
			children = (
				1886CFCF2BBF299500E91B17 /* FilterHistoryTableViewCell.swift */,
				1886CFD02BBF299500E91B17 /* FilterHistoryTableViewCell.xib */,
			);
			path = Views;
			sourceTree = "<group>";
		};
		1886CFD52BBF4BF800E91B17 /* ViewModel */ = {
			isa = PBXGroup;
			children = (
				1886CFC52BBF259500E91B17 /* FilterHistoryViewModelProtocol.swift */,
				1886CFC72BBF25A200E91B17 /* FilterHistoryViewModel.swift */,
				1886CFD92BBF4C8A00E91B17 /* FilterHistoryDelegate.swift */,
			);
			path = ViewModel;
			sourceTree = "<group>";
		};
		1886CFD82BBF4C2A00E91B17 /* Router */ = {
			isa = PBXGroup;
			children = (
				1886CFD62BBF4C1B00E91B17 /* FilterHistoryRouterProtocol.swift */,
				1886CFCB2BBF281E00E91B17 /* FilterHistoryRouter.swift */,
			);
			path = Router;
			sourceTree = "<group>";
		};
		18943DC12BBDA5FB00EE27CB /* Detail */ = {
			isa = PBXGroup;
			children = (
				18239E5A2BBDAEC100AC5A98 /* DetailAssembly.swift */,
				18239E542BBDAA3600AC5A98 /* Model */,
				18239E512BBDAA2500AC5A98 /* View */,
				18943DCC2BBDA98700EE27CB /* ViewModel */,
				18239E5C2BBDAFD800AC5A98 /* Router */,
			);
			path = Detail;
			sourceTree = "<group>";
		};
		18943DCC2BBDA98700EE27CB /* ViewModel */ = {
			isa = PBXGroup;
			children = (
				18943DCD2BBDA99300EE27CB /* DetailViewModelProtocol.swift */,
				18943DC82BBDA8E900EE27CB /* DetailViewModel.swift */,
			);
			path = ViewModel;
			sourceTree = "<group>";
		};
		247C6B07B4A39C14390A0C07 /* Pods */ = {
			isa = PBXGroup;
			children = (
				7623EA84D4FFF09ADD328160 /* Pods-Mars Rover Photos.debug.xcconfig */,
				500C5ED3F7491B8CEB137003 /* Pods-Mars Rover Photos.release.xcconfig */,
			);
			path = Pods;
			sourceTree = "<group>";
		};
		F9903B13445CCE8A1E55EE05 /* Frameworks */ = {
			isa = PBXGroup;
			children = (
				A761656D53D5282D286AD0EC /* Pods_Mars_Rover_Photos.framework */,
			);
			name = Frameworks;
			sourceTree = "<group>";
		};
/* End PBXGroup section */

/* Begin PBXNativeTarget section */
		1852DBAC2BBC063800C883A8 /* Mars Rover Photos */ = {
			isa = PBXNativeTarget;
			buildConfigurationList = 1852DBC42BBC063A00C883A8 /* Build configuration list for PBXNativeTarget "Mars Rover Photos" */;
			buildPhases = (
				B3D36EDBC84B3967E1A214D2 /* [CP] Check Pods Manifest.lock */,
				1852DBA92BBC063800C883A8 /* Sources */,
				1852DBAA2BBC063800C883A8 /* Frameworks */,
				1852DBAB2BBC063800C883A8 /* Resources */,
				0CA31187D712F05CA92A9028 /* [CP] Embed Pods Frameworks */,
			);
			buildRules = (
			);
			dependencies = (
			);
			name = "Mars Rover Photos";
			productName = "Mars Rover Photos";
			productReference = 1852DBAD2BBC063800C883A8 /* Mars Rover Photos.app */;
			productType = "com.apple.product-type.application";
		};
/* End PBXNativeTarget section */

/* Begin PBXProject section */
		1852DBA52BBC063800C883A8 /* Project object */ = {
			isa = PBXProject;
			attributes = {
				BuildIndependentTargetsInParallel = 1;
				LastSwiftUpdateCheck = 1420;
				LastUpgradeCheck = 1420;
				TargetAttributes = {
					1852DBAC2BBC063800C883A8 = {
						CreatedOnToolsVersion = 14.2;
					};
				};
			};
			buildConfigurationList = 1852DBA82BBC063800C883A8 /* Build configuration list for PBXProject "Mars Rover Photos" */;
			compatibilityVersion = "Xcode 14.0";
			developmentRegion = en;
			hasScannedForEncodings = 0;
			knownRegions = (
				en,
				Base,
			);
			mainGroup = 1852DBA42BBC063800C883A8;
			productRefGroup = 1852DBAE2BBC063800C883A8 /* Products */;
			projectDirPath = "";
			projectRoot = "";
			targets = (
				1852DBAC2BBC063800C883A8 /* Mars Rover Photos */,
			);
		};
/* End PBXProject section */

/* Begin PBXResourcesBuildPhase section */
		1852DBAB2BBC063800C883A8 /* Resources */ = {
			isa = PBXResourcesBuildPhase;
			buildActionMask = 2147483647;
			files = (
				1852DBC02BBC063A00C883A8 /* LaunchScreen.storyboard in Resources */,
				182E9EED2BBDD05C004CF1DD /* DatePopupViewController.xib in Resources */,
				1852DC2F2BBC958200C883A8 /* HomeTableViewCell.xib in Resources */,
				1852DBED2BBC37AF00C883A8 /* SF-Pro.ttf in Resources */,
				18239E532BBDAA2500AC5A98 /* DetailViewController.xib in Resources */,
				1852DBBD2BBC063A00C883A8 /* Assets.xcassets in Resources */,
				1852DBF12BBC38D400C883A8 /* Colors.xcassets in Resources */,
				1852DBD62BBC162B00C883A8 /* loader.json in Resources */,
				1886CFD22BBF299500E91B17 /* FilterHistoryTableViewCell.xib in Resources */,
				1852DBEE2BBC37B000C883A8 /* SF-Pro-Italic.ttf in Resources */,
			);
			runOnlyForDeploymentPostprocessing = 0;
		};
/* End PBXResourcesBuildPhase section */

/* Begin PBXShellScriptBuildPhase section */
		0CA31187D712F05CA92A9028 /* [CP] Embed Pods Frameworks */ = {
			isa = PBXShellScriptBuildPhase;
			buildActionMask = 2147483647;
			files = (
			);
			inputFileListPaths = (
				"${PODS_ROOT}/Target Support Files/Pods-Mars Rover Photos/Pods-Mars Rover Photos-frameworks-${CONFIGURATION}-input-files.xcfilelist",
			);
			name = "[CP] Embed Pods Frameworks";
			outputFileListPaths = (
				"${PODS_ROOT}/Target Support Files/Pods-Mars Rover Photos/Pods-Mars Rover Photos-frameworks-${CONFIGURATION}-output-files.xcfilelist",
			);
			runOnlyForDeploymentPostprocessing = 0;
			shellPath = /bin/sh;
			shellScript = "\"${PODS_ROOT}/Target Support Files/Pods-Mars Rover Photos/Pods-Mars Rover Photos-frameworks.sh\"\n";
			showEnvVarsInLog = 0;
		};
		B3D36EDBC84B3967E1A214D2 /* [CP] Check Pods Manifest.lock */ = {
			isa = PBXShellScriptBuildPhase;
			buildActionMask = 2147483647;
			files = (
			);
			inputFileListPaths = (
			);
			inputPaths = (
				"${PODS_PODFILE_DIR_PATH}/Podfile.lock",
				"${PODS_ROOT}/Manifest.lock",
			);
			name = "[CP] Check Pods Manifest.lock";
			outputFileListPaths = (
			);
			outputPaths = (
				"$(DERIVED_FILE_DIR)/Pods-Mars Rover Photos-checkManifestLockResult.txt",
			);
			runOnlyForDeploymentPostprocessing = 0;
			shellPath = /bin/sh;
			shellScript = "diff \"${PODS_PODFILE_DIR_PATH}/Podfile.lock\" \"${PODS_ROOT}/Manifest.lock\" > /dev/null\nif [ $? != 0 ] ; then\n    # print error to STDERR\n    echo \"error: The sandbox is not in sync with the Podfile.lock. Run 'pod install' or update your CocoaPods installation.\" >&2\n    exit 1\nfi\n# This output is used by Xcode 'outputs' to avoid re-running this script phase.\necho \"SUCCESS\" > \"${SCRIPT_OUTPUT_FILE_0}\"\n";
			showEnvVarsInLog = 0;
		};
/* End PBXShellScriptBuildPhase section */

/* Begin PBXSourcesBuildPhase section */
		1852DBA92BBC063800C883A8 /* Sources */ = {
			isa = PBXSourcesBuildPhase;
			buildActionMask = 2147483647;
			files = (
				1886CFCA2BBF272200E91B17 /* FilterDisplayItem.swift in Sources */,
				1852DC0E2BBC542000C883A8 /* HTTPRequestBuilderProtocol.swift in Sources */,
				1886CFC12BBF104100E91B17 /* FilterModel.swift in Sources */,
				1852DC022BBC4EC300C883A8 /* NetworkError.swift in Sources */,
				18239E5B2BBDAEC100AC5A98 /* DetailAssembly.swift in Sources */,
				1852DC402BBD70F600C883A8 /* ContentImageView.swift in Sources */,
				1852DBE32BBC2FD000C883A8 /* UIView.swift in Sources */,
				182E9EF32BBDE28B004CF1DD /* DatePopupViewModel.swift in Sources */,
				1886CFB02BBF0A5400E91B17 /* PlaceholderView.swift in Sources */,
				1852DC1B2BBC5B3B00C883A8 /* RoverResponse.swift in Sources */,
				1886CFC42BBF211800E91B17 /* FilterHistoryViewController.swift in Sources */,
				1852DC242BBC5DA600C883A8 /* NetworkServiceProtocol.swift in Sources */,
				1852DC062BBC4EE700C883A8 /* HTTPPath.swift in Sources */,
				1852DC0C2BBC4FA800C883A8 /* HTTPRequestModelProtocol.swift in Sources */,
				1852DBEA2BBC34BA00C883A8 /* Font.swift in Sources */,
				182E9EFC2BBDE3CE004CF1DD /* DatePopupRouter.swift in Sources */,
				182E9EF72BBDE2A0004CF1DD /* DatePopupDelegate.swift in Sources */,
				1852DBE12BBC2AEE00C883A8 /* HomeAssembly.swift in Sources */,
				18943DC62BBDA69700EE27CB /* DetailViewController.swift in Sources */,
				1852DC392BBD677400C883A8 /* Array.swift in Sources */,
				1886CFA32BBEDD6100E91B17 /* PickerBottomSheetViewModelProtocol.swift in Sources */,
				1852DBDF2BBC2AB100C883A8 /* PreloaderAssembly.swift in Sources */,
				1886CFD72BBF4C1B00E91B17 /* FilterHistoryRouterProtocol.swift in Sources */,
				182E9F012BBEAFFC004CF1DD /* PickerBottomSheetViewController.swift in Sources */,
				18239E622BBDB05200AC5A98 /* DetailRouterProtocol.swift in Sources */,
				1886CFC82BBF25A200E91B17 /* FilterHistoryViewModel.swift in Sources */,
				1852DBDD2BBC273D00C883A8 /* UIViewController.swift in Sources */,
				1886CFB92BBF0F2700E91B17 /* PersistenceStorageManagerError.swift in Sources */,
				1852DC192BBC593D00C883A8 /* PhotoResponse.swift in Sources */,
				1852DBB12BBC063800C883A8 /* AppDelegate.swift in Sources */,
				1852DBFE2BBC4E7B00C883A8 /* HTTPRequestExecutorProtocol.swift in Sources */,
				182E9EF02BBDD07B004CF1DD /* DatePopupAssembly.swift in Sources */,
				1852DC102BBC542F00C883A8 /* HTTPRequestBuilder.swift in Sources */,
				1886CF9A2BBEDD0400E91B17 /* PickerDisplayItem.swift in Sources */,
				1852DC262BBC683400C883A8 /* PhotosResponse.swift in Sources */,
				1852DC2E2BBC958200C883A8 /* HomeTableViewCell.swift in Sources */,
				1852DC0A2BBC4F8F00C883A8 /* HTTPRequestModel.swift in Sources */,
				1852DBF52BBC3F8100C883A8 /* HomeViewModelProtocol.swift in Sources */,
				1886CFA72BBEDDDB00E91B17 /* CameraPickerBottomSheetDelegate.swift in Sources */,
				1852DC282BBC68C700C883A8 /* RoverType.swift in Sources */,
				1852DBBB2BBC063800C883A8 /* Filter.xcdatamodeld in Sources */,
				1886CFA52BBEDD8D00E91B17 /* PickerBottomSheetDelegate.swift in Sources */,
				1852DC222BBC5BAB00C883A8 /* Photo.swift in Sources */,
				1886CF9F2BBEDD3200E91B17 /* RoverPickerBottomSheetDelegate.swift in Sources */,
				1852DC122BBC548200C883A8 /* HTTPRequestBuilderError.swift in Sources */,
				1852DC352BBD65C900C883A8 /* HelperUtilities.swift in Sources */,
				1886CFCC2BBF281E00E91B17 /* FilterHistoryRouter.swift in Sources */,
				1886CFAC2BBEF48700E91B17 /* PickerBottomSheetInputmodel.swift in Sources */,
				1886CFDC2BBF4FAC00E91B17 /* HomeRouterProtocol.swift in Sources */,
				1886CFB22BBF0CC000E91B17 /* UITableView.swift in Sources */,
				1852DC372BBD65DD00C883A8 /* DateFormat.swift in Sources */,
				1852DBF92BBC4E3E00C883A8 /* NetworkAssembly.swift in Sources */,
				1886CFD12BBF299500E91B17 /* FilterHistoryTableViewCell.swift in Sources */,
				1852DC1D2BBC5B4700C883A8 /* CameraResponse.swift in Sources */,
				1852DC322BBD63E700C883A8 /* HomeCellItem.swift in Sources */,
				1886CFA12BBEDD4700E91B17 /* RoverPickerBottomSheetViewModel.swift in Sources */,
				1886CFC62BBF259500E91B17 /* FilterHistoryViewModelProtocol.swift in Sources */,
				1886CFB52BBF0EBD00E91B17 /* PersistenceStorageManager.swift in Sources */,
				18239E5E2BBDAFE400AC5A98 /* DetailRouter.swift in Sources */,
				1852DBF32BBC3F7800C883A8 /* HomeViewModel.swift in Sources */,
				1852DBB32BBC063800C883A8 /* SceneDelegate.swift in Sources */,
				1852DC002BBC4EAC00C883A8 /* HTTPRequestExecutor.swift in Sources */,
				1886CFDA2BBF4C8A00E91B17 /* FilterHistoryDelegate.swift in Sources */,
				182E9EFE2BBDE561004CF1DD /* DatePopupViewControllerProtocol.swift in Sources */,
				18239E572BBDAD2200AC5A98 /* HomeRouter.swift in Sources */,
				1886CFD42BBF2DE600E91B17 /* FilterHistoryAssembly.swift in Sources */,
				1852DC042BBC4EDE00C883A8 /* HTTPMethod.swift in Sources */,
				1886CFBF2BBF101800E91B17 /* PersistenceServiceProtocol.swift in Sources */,
				1852DBD22BBC101F00C883A8 /* PreloaderViewController.swift in Sources */,
				1852DC1F2BBC5B4F00C883A8 /* CameraInfoResponse.swift in Sources */,
				18239E642BBDB69100AC5A98 /* ZoomView.swift in Sources */,
				1886CFBD2BBF0FEE00E91B17 /* PersistenceService.swift in Sources */,
				18943DCE2BBDA99300EE27CB /* DetailViewModelProtocol.swift in Sources */,
				182E9EF52BBDE295004CF1DD /* DatePopupViewModelProtocol.swift in Sources */,
				182E9EEE2BBDD05C004CF1DD /* DatePopupViewController.swift in Sources */,
				1886CFA92BBEDDEF00E91B17 /* CameraPickerBottomSheetViewModel.swift in Sources */,
				1886CFAE2BBF00E000E91B17 /* CameraType.swift in Sources */,
				18943DC92BBDA8E900EE27CB /* DetailViewModel.swift in Sources */,
				182E9EFA2BBDE3C4004CF1DD /* DatePopupRouterProtocol.swift in Sources */,
				1852DC082BBC4EF100C883A8 /* HTTPRequest.swift in Sources */,
				1852DBCD2BBC0E2100C883A8 /* HomeViewController.swift in Sources */,
				1852DC152BBC562000C883A8 /* NetworkService.swift in Sources */,
				18943DCB2BBDA8FB00EE27CB /* DetailInputModel.swift in Sources */,
				1852DBD42BBC13C800C883A8 /* Color.swift in Sources */,
				1886CFB72BBF0F1500E91B17 /* PersistenceStorageManagerProtocol.swift in Sources */,
			);
			runOnlyForDeploymentPostprocessing = 0;
		};
/* End PBXSourcesBuildPhase section */

/* Begin PBXVariantGroup section */
		1852DBBE2BBC063A00C883A8 /* LaunchScreen.storyboard */ = {
			isa = PBXVariantGroup;
			children = (
				1852DBBF2BBC063A00C883A8 /* Base */,
			);
			name = LaunchScreen.storyboard;
			sourceTree = "<group>";
		};
/* End PBXVariantGroup section */

/* Begin XCBuildConfiguration section */
		1852DBC22BBC063A00C883A8 /* Debug */ = {
			isa = XCBuildConfiguration;
			buildSettings = {
				ALWAYS_SEARCH_USER_PATHS = NO;
				CLANG_ANALYZER_NONNULL = YES;
				CLANG_ANALYZER_NUMBER_OBJECT_CONVERSION = YES_AGGRESSIVE;
				CLANG_CXX_LANGUAGE_STANDARD = "gnu++20";
				CLANG_ENABLE_MODULES = YES;
				CLANG_ENABLE_OBJC_ARC = YES;
				CLANG_ENABLE_OBJC_WEAK = YES;
				CLANG_WARN_BLOCK_CAPTURE_AUTORELEASING = YES;
				CLANG_WARN_BOOL_CONVERSION = YES;
				CLANG_WARN_COMMA = YES;
				CLANG_WARN_CONSTANT_CONVERSION = YES;
				CLANG_WARN_DEPRECATED_OBJC_IMPLEMENTATIONS = YES;
				CLANG_WARN_DIRECT_OBJC_ISA_USAGE = YES_ERROR;
				CLANG_WARN_DOCUMENTATION_COMMENTS = YES;
				CLANG_WARN_EMPTY_BODY = YES;
				CLANG_WARN_ENUM_CONVERSION = YES;
				CLANG_WARN_INFINITE_RECURSION = YES;
				CLANG_WARN_INT_CONVERSION = YES;
				CLANG_WARN_NON_LITERAL_NULL_CONVERSION = YES;
				CLANG_WARN_OBJC_IMPLICIT_RETAIN_SELF = YES;
				CLANG_WARN_OBJC_LITERAL_CONVERSION = YES;
				CLANG_WARN_OBJC_ROOT_CLASS = YES_ERROR;
				CLANG_WARN_QUOTED_INCLUDE_IN_FRAMEWORK_HEADER = YES;
				CLANG_WARN_RANGE_LOOP_ANALYSIS = YES;
				CLANG_WARN_STRICT_PROTOTYPES = YES;
				CLANG_WARN_SUSPICIOUS_MOVE = YES;
				CLANG_WARN_UNGUARDED_AVAILABILITY = YES_AGGRESSIVE;
				CLANG_WARN_UNREACHABLE_CODE = YES;
				CLANG_WARN__DUPLICATE_METHOD_MATCH = YES;
				COPY_PHASE_STRIP = NO;
				DEBUG_INFORMATION_FORMAT = dwarf;
				ENABLE_STRICT_OBJC_MSGSEND = YES;
				ENABLE_TESTABILITY = YES;
				GCC_C_LANGUAGE_STANDARD = gnu11;
				GCC_DYNAMIC_NO_PIC = NO;
				GCC_NO_COMMON_BLOCKS = YES;
				GCC_OPTIMIZATION_LEVEL = 0;
				GCC_PREPROCESSOR_DEFINITIONS = (
					"DEBUG=1",
					"$(inherited)",
				);
				GCC_WARN_64_TO_32_BIT_CONVERSION = YES;
				GCC_WARN_ABOUT_RETURN_TYPE = YES_ERROR;
				GCC_WARN_UNDECLARED_SELECTOR = YES;
				GCC_WARN_UNINITIALIZED_AUTOS = YES_AGGRESSIVE;
				GCC_WARN_UNUSED_FUNCTION = YES;
				GCC_WARN_UNUSED_VARIABLE = YES;
				IPHONEOS_DEPLOYMENT_TARGET = 13.0;
				MTL_ENABLE_DEBUG_INFO = INCLUDE_SOURCE;
				MTL_FAST_MATH = YES;
				ONLY_ACTIVE_ARCH = YES;
				SDKROOT = iphoneos;
				SWIFT_ACTIVE_COMPILATION_CONDITIONS = DEBUG;
				SWIFT_OPTIMIZATION_LEVEL = "-Onone";
			};
			name = Debug;
		};
		1852DBC32BBC063A00C883A8 /* Release */ = {
			isa = XCBuildConfiguration;
			buildSettings = {
				ALWAYS_SEARCH_USER_PATHS = NO;
				CLANG_ANALYZER_NONNULL = YES;
				CLANG_ANALYZER_NUMBER_OBJECT_CONVERSION = YES_AGGRESSIVE;
				CLANG_CXX_LANGUAGE_STANDARD = "gnu++20";
				CLANG_ENABLE_MODULES = YES;
				CLANG_ENABLE_OBJC_ARC = YES;
				CLANG_ENABLE_OBJC_WEAK = YES;
				CLANG_WARN_BLOCK_CAPTURE_AUTORELEASING = YES;
				CLANG_WARN_BOOL_CONVERSION = YES;
				CLANG_WARN_COMMA = YES;
				CLANG_WARN_CONSTANT_CONVERSION = YES;
				CLANG_WARN_DEPRECATED_OBJC_IMPLEMENTATIONS = YES;
				CLANG_WARN_DIRECT_OBJC_ISA_USAGE = YES_ERROR;
				CLANG_WARN_DOCUMENTATION_COMMENTS = YES;
				CLANG_WARN_EMPTY_BODY = YES;
				CLANG_WARN_ENUM_CONVERSION = YES;
				CLANG_WARN_INFINITE_RECURSION = YES;
				CLANG_WARN_INT_CONVERSION = YES;
				CLANG_WARN_NON_LITERAL_NULL_CONVERSION = YES;
				CLANG_WARN_OBJC_IMPLICIT_RETAIN_SELF = YES;
				CLANG_WARN_OBJC_LITERAL_CONVERSION = YES;
				CLANG_WARN_OBJC_ROOT_CLASS = YES_ERROR;
				CLANG_WARN_QUOTED_INCLUDE_IN_FRAMEWORK_HEADER = YES;
				CLANG_WARN_RANGE_LOOP_ANALYSIS = YES;
				CLANG_WARN_STRICT_PROTOTYPES = YES;
				CLANG_WARN_SUSPICIOUS_MOVE = YES;
				CLANG_WARN_UNGUARDED_AVAILABILITY = YES_AGGRESSIVE;
				CLANG_WARN_UNREACHABLE_CODE = YES;
				CLANG_WARN__DUPLICATE_METHOD_MATCH = YES;
				COPY_PHASE_STRIP = NO;
				DEBUG_INFORMATION_FORMAT = "dwarf-with-dsym";
				ENABLE_NS_ASSERTIONS = NO;
				ENABLE_STRICT_OBJC_MSGSEND = YES;
				GCC_C_LANGUAGE_STANDARD = gnu11;
				GCC_NO_COMMON_BLOCKS = YES;
				GCC_WARN_64_TO_32_BIT_CONVERSION = YES;
				GCC_WARN_ABOUT_RETURN_TYPE = YES_ERROR;
				GCC_WARN_UNDECLARED_SELECTOR = YES;
				GCC_WARN_UNINITIALIZED_AUTOS = YES_AGGRESSIVE;
				GCC_WARN_UNUSED_FUNCTION = YES;
				GCC_WARN_UNUSED_VARIABLE = YES;
				IPHONEOS_DEPLOYMENT_TARGET = 13.0;
				MTL_ENABLE_DEBUG_INFO = NO;
				MTL_FAST_MATH = YES;
				SDKROOT = iphoneos;
				SWIFT_COMPILATION_MODE = wholemodule;
				SWIFT_OPTIMIZATION_LEVEL = "-O";
				VALIDATE_PRODUCT = YES;
			};
			name = Release;
		};
		1852DBC52BBC063A00C883A8 /* Debug */ = {
			isa = XCBuildConfiguration;
			baseConfigurationReference = 7623EA84D4FFF09ADD328160 /* Pods-Mars Rover Photos.debug.xcconfig */;
			buildSettings = {
				ASSETCATALOG_COMPILER_APPICON_NAME = AppIcon;
				ASSETCATALOG_COMPILER_GLOBAL_ACCENT_COLOR_NAME = AccentColor;
				CODE_SIGN_STYLE = Automatic;
				CURRENT_PROJECT_VERSION = 1;
				DEVELOPMENT_TEAM = H568TQC48W;
				GENERATE_INFOPLIST_FILE = YES;
				INFOPLIST_FILE = "Mars Rover Photos/Info.plist";
				INFOPLIST_KEY_UIApplicationSupportsIndirectInputEvents = YES;
				INFOPLIST_KEY_UILaunchStoryboardName = LaunchScreen;
				INFOPLIST_KEY_UISupportedInterfaceOrientations = UIInterfaceOrientationPortrait;
				IPHONEOS_DEPLOYMENT_TARGET = 13.0;
				LD_RUNPATH_SEARCH_PATHS = (
					"$(inherited)",
					"@executable_path/Frameworks",
				);
				MARKETING_VERSION = 1.0;
				PRODUCT_BUNDLE_IDENTIFIER = "AK.Mars-Rover-Photos";
				PRODUCT_NAME = "$(TARGET_NAME)";
				SUPPORTED_PLATFORMS = "iphoneos iphonesimulator";
				SUPPORTS_MACCATALYST = NO;
				SUPPORTS_MAC_DESIGNED_FOR_IPHONE_IPAD = YES;
				SWIFT_EMIT_LOC_STRINGS = YES;
				SWIFT_VERSION = 5.0;
				TARGETED_DEVICE_FAMILY = 1;
			};
			name = Debug;
		};
		1852DBC62BBC063A00C883A8 /* Release */ = {
			isa = XCBuildConfiguration;
			baseConfigurationReference = 500C5ED3F7491B8CEB137003 /* Pods-Mars Rover Photos.release.xcconfig */;
			buildSettings = {
				ASSETCATALOG_COMPILER_APPICON_NAME = AppIcon;
				ASSETCATALOG_COMPILER_GLOBAL_ACCENT_COLOR_NAME = AccentColor;
				CODE_SIGN_STYLE = Automatic;
				CURRENT_PROJECT_VERSION = 1;
				DEVELOPMENT_TEAM = H568TQC48W;
				GENERATE_INFOPLIST_FILE = YES;
				INFOPLIST_FILE = "Mars Rover Photos/Info.plist";
				INFOPLIST_KEY_UIApplicationSupportsIndirectInputEvents = YES;
				INFOPLIST_KEY_UILaunchStoryboardName = LaunchScreen;
				INFOPLIST_KEY_UISupportedInterfaceOrientations = UIInterfaceOrientationPortrait;
				IPHONEOS_DEPLOYMENT_TARGET = 13.0;
				LD_RUNPATH_SEARCH_PATHS = (
					"$(inherited)",
					"@executable_path/Frameworks",
				);
				MARKETING_VERSION = 1.0;
				PRODUCT_BUNDLE_IDENTIFIER = "AK.Mars-Rover-Photos";
				PRODUCT_NAME = "$(TARGET_NAME)";
				SUPPORTED_PLATFORMS = "iphoneos iphonesimulator";
				SUPPORTS_MACCATALYST = NO;
				SUPPORTS_MAC_DESIGNED_FOR_IPHONE_IPAD = YES;
				SWIFT_EMIT_LOC_STRINGS = YES;
				SWIFT_VERSION = 5.0;
				TARGETED_DEVICE_FAMILY = 1;
			};
			name = Release;
		};
/* End XCBuildConfiguration section */

/* Begin XCConfigurationList section */
		1852DBA82BBC063800C883A8 /* Build configuration list for PBXProject "Mars Rover Photos" */ = {
			isa = XCConfigurationList;
			buildConfigurations = (
				1852DBC22BBC063A00C883A8 /* Debug */,
				1852DBC32BBC063A00C883A8 /* Release */,
			);
			defaultConfigurationIsVisible = 0;
			defaultConfigurationName = Release;
		};
		1852DBC42BBC063A00C883A8 /* Build configuration list for PBXNativeTarget "Mars Rover Photos" */ = {
			isa = XCConfigurationList;
			buildConfigurations = (
				1852DBC52BBC063A00C883A8 /* Debug */,
				1852DBC62BBC063A00C883A8 /* Release */,
			);
			defaultConfigurationIsVisible = 0;
			defaultConfigurationName = Release;
		};
/* End XCConfigurationList section */

/* Begin XCVersionGroup section */
		1852DBB92BBC063800C883A8 /* Filter.xcdatamodeld */ = {
			isa = XCVersionGroup;
			children = (
				1852DBBA2BBC063800C883A8 /* Mars_Rover_Photos.xcdatamodel */,
			);
			currentVersion = 1852DBBA2BBC063800C883A8 /* Mars_Rover_Photos.xcdatamodel */;
			path = Filter.xcdatamodeld;
			sourceTree = "<group>";
			versionGroupType = wrapper.xcdatamodel;
		};
/* End XCVersionGroup section */
	};
	rootObject = 1852DBA52BBC063800C883A8 /* Project object */;
}
